
Microsoft Visual Studio Solution File, Format Version 12.00
# Visual Studio Version 16
VisualStudioVersion = 16.0.31019.35
MinimumVisualStudioVersion = 10.0.40219.1
Project("{FAE04EC0-301F-11D3-BF4B-00C04F79EFBC}") = "Test", "Test\Test.csproj", "{6176258A-0335-4108-9428-0364E7EBD186}"
EndProject
Global
	GlobalSection(SolutionConfigurationPlatforms) = preSolution
		Debug|Any CPU = Debug|Any CPU
		Release|Any CPU = Release|Any CPU
	EndGlobalSection
	GlobalSection(ProjectConfigurationPlatforms) = postSolution
		{6176258A-0335-4108-9428-0364E7EBD186}.Debug|Any CPU.ActiveCfg = Debug|Any CPU
		{6176258A-0335-4108-9428-0364E7EBD186}.Debug|Any CPU.Build.0 = Debug|Any CPU
		{6176258A-0335-4108-9428-0364E7EBD186}.Release|Any CPU.ActiveCfg = Release|Any CPU
		{6176258A-0335-4108-9428-0364E7EBD186}.Release|Any CPU.Build.0 = Release|Any CPU
	EndGlobalSection
	GlobalSection(SolutionProperties) = preSolution
		HideSolutionNode = FALSE
	EndGlobalSection
	GlobalSection(ExtensibilityGlobals) = postSolution
		SolutionGuid = {CBBC6104-2F00-4962-A2C6-97C518151ACF}
	EndGlobalSection
EndGlobal
